// !$*UTF8*$!
{
	archiveVersion = 1;
	classes = {
	};
	objectVersion = 56;
	objects = {

/* Begin PBXBuildFile section */
		C39C83EB2985BCAC00E05D02 /* PizzaMenuApp.swift in Sources */ = {isa = PBXBuildFile; fileRef = C39C83EA2985BCAC00E05D02 /* PizzaMenuApp.swift */; };
		C39C83ED2985BCAC00E05D02 /* ContentView.swift in Sources */ = {isa = PBXBuildFile; fileRef = C39C83EC2985BCAC00E05D02 /* ContentView.swift */; };
		C39C83EF2985BCB700E05D02 /* Assets.xcassets in Resources */ = {isa = PBXBuildFile; fileRef = C39C83EE2985BCB700E05D02 /* Assets.xcassets */; };
		C39C83F22985BCB700E05D02 /* Preview Assets.xcassets in Resources */ = {isa = PBXBuildFile; fileRef = C39C83F12985BCB700E05D02 /* Preview Assets.xcassets */; };
		C39C83FC2985BCB800E05D02 /* PizzaMenuTests.swift in Sources */ = {isa = PBXBuildFile; fileRef = C39C83FB2985BCB800E05D02 /* PizzaMenuTests.swift */; };
		C39C84062985BCB800E05D02 /* PizzaMenuUITests.swift in Sources */ = {isa = PBXBuildFile; fileRef = C39C84052985BCB800E05D02 /* PizzaMenuUITests.swift */; };
		C39C84082985BCB800E05D02 /* PizzaMenuUITestsLaunchTests.swift in Sources */ = {isa = PBXBuildFile; fileRef = C39C84072985BCB800E05D02 /* PizzaMenuUITestsLaunchTests.swift */; };
/* End PBXBuildFile section */

/* Begin PBXContainerItemProxy section */
		C39C83F82985BCB800E05D02 /* PBXContainerItemProxy */ = {
			isa = PBXContainerItemProxy;
			containerPortal = C39C83DF2985BCAC00E05D02 /* Project object */;
			proxyType = 1;
			remoteGlobalIDString = C39C83E62985BCAC00E05D02;
			remoteInfo = PizzaMenu;
		};
		C39C84022985BCB800E05D02 /* PBXContainerItemProxy */ = {
			isa = PBXContainerItemProxy;
			containerPortal = C39C83DF2985BCAC00E05D02 /* Project object */;
			proxyType = 1;
			remoteGlobalIDString = C39C83E62985BCAC00E05D02;
			remoteInfo = PizzaMenu;
		};
/* End PBXContainerItemProxy section */

/* Begin PBXFileReference section */
		C39C83E72985BCAC00E05D02 /* PizzaMenu.app */ = {isa = PBXFileReference; explicitFileType = wrapper.application; includeInIndex = 0; path = PizzaMenu.app; sourceTree = BUILT_PRODUCTS_DIR; };
		C39C83EA2985BCAC00E05D02 /* PizzaMenuApp.swift */ = {isa = PBXFileReference; lastKnownFileType = sourcecode.swift; path = PizzaMenuApp.swift; sourceTree = "<group>"; };
		C39C83EC2985BCAC00E05D02 /* ContentView.swift */ = {isa = PBXFileReference; lastKnownFileType = sourcecode.swift; path = ContentView.swift; sourceTree = "<group>"; };
		C39C83EE2985BCB700E05D02 /* Assets.xcassets */ = {isa = PBXFileReference; lastKnownFileType = folder.assetcatalog; path = Assets.xcassets; sourceTree = "<group>"; };
		C39C83F12985BCB700E05D02 /* Preview Assets.xcassets */ = {isa = PBXFileReference; lastKnownFileType = folder.assetcatalog; path = "Preview Assets.xcassets"; sourceTree = "<group>"; };
		C39C83F72985BCB800E05D02 /* PizzaMenuTests.xctest */ = {isa = PBXFileReference; explicitFileType = wrapper.cfbundle; includeInIndex = 0; path = PizzaMenuTests.xctest; sourceTree = BUILT_PRODUCTS_DIR; };
		C39C83FB2985BCB800E05D02 /* PizzaMenuTests.swift */ = {isa = PBXFileReference; lastKnownFileType = sourcecode.swift; path = PizzaMenuTests.swift; sourceTree = "<group>"; };
		C39C84012985BCB800E05D02 /* PizzaMenuUITests.xctest */ = {isa = PBXFileReference; explicitFileType = wrapper.cfbundle; includeInIndex = 0; path = PizzaMenuUITests.xctest; sourceTree = BUILT_PRODUCTS_DIR; };
		C39C84052985BCB800E05D02 /* PizzaMenuUITests.swift */ = {isa = PBXFileReference; lastKnownFileType = sourcecode.swift; path = PizzaMenuUITests.swift; sourceTree = "<group>"; };
		C39C84072985BCB800E05D02 /* PizzaMenuUITestsLaunchTests.swift */ = {isa = PBXFileReference; lastKnownFileType = sourcecode.swift; path = PizzaMenuUITestsLaunchTests.swift; sourceTree = "<group>"; };
/* End PBXFileReference section */

/* Begin PBXFrameworksBuildPhase section */
		C39C83E42985BCAC00E05D02 /* Frameworks */ = {
			isa = PBXFrameworksBuildPhase;
			buildActionMask = 2147483647;
			files = (
			);
			runOnlyForDeploymentPostprocessing = 0;
		};
		C39C83F42985BCB800E05D02 /* Frameworks */ = {
			isa = PBXFrameworksBuildPhase;
			buildActionMask = 2147483647;
			files = (
			);
			runOnlyForDeploymentPostprocessing = 0;
		};
		C39C83FE2985BCB800E05D02 /* Frameworks */ = {
			isa = PBXFrameworksBuildPhase;
			buildActionMask = 2147483647;
			files = (
			);
			runOnlyForDeploymentPostprocessing = 0;
		};
/* End PBXFrameworksBuildPhase section */

/* Begin PBXGroup section */
		C39C83DE2985BCAC00E05D02 = {
			isa = PBXGroup;
			children = (
				C39C83E92985BCAC00E05D02 /* PizzaMenu */,
				C39C83FA2985BCB800E05D02 /* PizzaMenuTests */,
				C39C84042985BCB800E05D02 /* PizzaMenuUITests */,
				C39C83E82985BCAC00E05D02 /* Products */,
			);
			sourceTree = "<group>";
		};
		C39C83E82985BCAC00E05D02 /* Products */ = {
			isa = PBXGroup;
			children = (
				C39C83E72985BCAC00E05D02 /* PizzaMenu.app */,
				C39C83F72985BCB800E05D02 /* PizzaMenuTests.xctest */,
				C39C84012985BCB800E05D02 /* PizzaMenuUITests.xctest */,
			);
			name = Products;
			sourceTree = "<group>";
		};
		C39C83E92985BCAC00E05D02 /* PizzaMenu */ = {
			isa = PBXGroup;
			children = (
				C39C83EA2985BCAC00E05D02 /* PizzaMenuApp.swift */,
				C39C83EC2985BCAC00E05D02 /* ContentView.swift */,
				C39C83EE2985BCB700E05D02 /* Assets.xcassets */,
				C39C83F02985BCB700E05D02 /* Preview Content */,
			);
			path = PizzaMenu;
			sourceTree = "<group>";
		};
		C39C83F02985BCB700E05D02 /* Preview Content */ = {
			isa = PBXGroup;
			children = (
				C39C83F12985BCB700E05D02 /* Preview Assets.xcassets */,
			);
			path = "Preview Content";
			sourceTree = "<group>";
		};
		C39C83FA2985BCB800E05D02 /* PizzaMenuTests */ = {
			isa = PBXGroup;
			children = (
				C39C83FB2985BCB800E05D02 /* PizzaMenuTests.swift */,
			);
			path = PizzaMenuTests;
			sourceTree = "<group>";
		};
		C39C84042985BCB800E05D02 /* PizzaMenuUITests */ = {
			isa = PBXGroup;
			children = (
				C39C84052985BCB800E05D02 /* PizzaMenuUITests.swift */,
				C39C84072985BCB800E05D02 /* PizzaMenuUITestsLaunchTests.swift */,
			);
			path = PizzaMenuUITests;
			sourceTree = "<group>";
		};
/* End PBXGroup section */

/* Begin PBXNativeTarget section */
		C39C83E62985BCAC00E05D02 /* PizzaMenu */ = {
			isa = PBXNativeTarget;
			buildConfigurationList = C39C840B2985BCB800E05D02 /* Build configuration list for PBXNativeTarget "PizzaMenu" */;
			buildPhases = (
				C39C83E32985BCAC00E05D02 /* Sources */,
				C39C83E42985BCAC00E05D02 /* Frameworks */,
				C39C83E52985BCAC00E05D02 /* Resources */,
			);
			buildRules = (
			);
			dependencies = (
			);
			name = PizzaMenu;
			productName = PizzaMenu;
			productReference = C39C83E72985BCAC00E05D02 /* PizzaMenu.app */;
			productType = "com.apple.product-type.application";
		};
		C39C83F62985BCB800E05D02 /* PizzaMenuTests */ = {
			isa = PBXNativeTarget;
			buildConfigurationList = C39C840E2985BCB800E05D02 /* Build configuration list for PBXNativeTarget "PizzaMenuTests" */;
			buildPhases = (
				C39C83F32985BCB800E05D02 /* Sources */,
				C39C83F42985BCB800E05D02 /* Frameworks */,
				C39C83F52985BCB800E05D02 /* Resources */,
			);
			buildRules = (
			);
			dependencies = (
				C39C83F92985BCB800E05D02 /* PBXTargetDependency */,
			);
			name = PizzaMenuTests;
			productName = PizzaMenuTests;
			productReference = C39C83F72985BCB800E05D02 /* PizzaMenuTests.xctest */;
			productType = "com.apple.product-type.bundle.unit-test";
		};
		C39C84002985BCB800E05D02 /* PizzaMenuUITests */ = {
			isa = PBXNativeTarget;
			buildConfigurationList = C39C84112985BCB800E05D02 /* Build configuration list for PBXNativeTarget "PizzaMenuUITests" */;
			buildPhases = (
				C39C83FD2985BCB800E05D02 /* Sources */,
				C39C83FE2985BCB800E05D02 /* Frameworks */,
				C39C83FF2985BCB800E05D02 /* Resources */,
			);
			buildRules = (
			);
			dependencies = (
				C39C84032985BCB800E05D02 /* PBXTargetDependency */,
			);
			name = PizzaMenuUITests;
			productName = PizzaMenuUITests;
			productReference = C39C84012985BCB800E05D02 /* PizzaMenuUITests.xctest */;
			productType = "com.apple.product-type.bundle.ui-testing";
		};
/* End PBXNativeTarget section */

/* Begin PBXProject section */
		C39C83DF2985BCAC00E05D02 /* Project object */ = {
			isa = PBXProject;
			attributes = {
				BuildIndependentTargetsInParallel = 1;
				LastSwiftUpdateCheck = 1420;
				LastUpgradeCheck = 1420;
				TargetAttributes = {
					C39C83E62985BCAC00E05D02 = {
						CreatedOnToolsVersion = 14.2;
					};
					C39C83F62985BCB800E05D02 = {
						CreatedOnToolsVersion = 14.2;
						TestTargetID = C39C83E62985BCAC00E05D02;
					};
					C39C84002985BCB800E05D02 = {
						CreatedOnToolsVersion = 14.2;
						TestTargetID = C39C83E62985BCAC00E05D02;
					};
				};
			};
			buildConfigurationList = C39C83E22985BCAC00E05D02 /* Build configuration list for PBXProject "PizzaMenu" */;
			compatibilityVersion = "Xcode 14.0";
			developmentRegion = en;
			hasScannedForEncodings = 0;
			knownRegions = (
				en,
				Base,
			);
			mainGroup = C39C83DE2985BCAC00E05D02;
			productRefGroup = C39C83E82985BCAC00E05D02 /* Products */;
			projectDirPath = "";
			projectRoot = "";
			targets = (
				C39C83E62985BCAC00E05D02 /* PizzaMenu */,
				C39C83F62985BCB800E05D02 /* PizzaMenuTests */,
				C39C84002985BCB800E05D02 /* PizzaMenuUITests */,
			);
		};
/* End PBXProject section */

/* Begin PBXResourcesBuildPhase section */
		C39C83E52985BCAC00E05D02 /* Resources */ = {
			isa = PBXResourcesBuildPhase;
			buildActionMask = 2147483647;
			files = (
				C39C83F22985BCB700E05D02 /* Preview Assets.xcassets in Resources */,
				C39C83EF2985BCB700E05D02 /* Assets.xcassets in Resources */,
			);
			runOnlyForDeploymentPostprocessing = 0;
		};
		C39C83F52985BCB800E05D02 /* Resources */ = {
			isa = PBXResourcesBuildPhase;
			buildActionMask = 2147483647;
			files = (
			);
			runOnlyForDeploymentPostprocessing = 0;
		};
		C39C83FF2985BCB800E05D02 /* Resources */ = {
			isa = PBXResourcesBuildPhase;
			buildActionMask = 2147483647;
			files = (
			);
			runOnlyForDeploymentPostprocessing = 0;
		};
/* End PBXResourcesBuildPhase section */

/* Begin PBXSourcesBuildPhase section */
		C39C83E32985BCAC00E05D02 /* Sources */ = {
			isa = PBXSourcesBuildPhase;
			buildActionMask = 2147483647;
			files = (
				C39C83ED2985BCAC00E05D02 /* ContentView.swift in Sources */,
				C39C83EB2985BCAC00E05D02 /* PizzaMenuApp.swift in Sources */,
			);
			runOnlyForDeploymentPostprocessing = 0;
		};
		C39C83F32985BCB800E05D02 /* Sources */ = {
			isa = PBXSourcesBuildPhase;
			buildActionMask = 2147483647;
			files = (
				C39C83FC2985BCB800E05D02 /* PizzaMenuTests.swift in Sources */,
			);
			runOnlyForDeploymentPostprocessing = 0;
		};
		C39C83FD2985BCB800E05D02 /* Sources */ = {
			isa = PBXSourcesBuildPhase;
			buildActionMask = 2147483647;
			files = (
				C39C84082985BCB800E05D02 /* PizzaMenuUITestsLaunchTests.swift in Sources */,
				C39C84062985BCB800E05D02 /* PizzaMenuUITests.swift in Sources */,
			);
			runOnlyForDeploymentPostprocessing = 0;
		};
/* End PBXSourcesBuildPhase section */

/* Begin PBXTargetDependency section */
		C39C83F92985BCB800E05D02 /* PBXTargetDependency */ = {
			isa = PBXTargetDependency;
			target = C39C83E62985BCAC00E05D02 /* PizzaMenu */;
			targetProxy = C39C83F82985BCB800E05D02 /* PBXContainerItemProxy */;
		};
		C39C84032985BCB800E05D02 /* PBXTargetDependency */ = {
			isa = PBXTargetDependency;
			target = C39C83E62985BCAC00E05D02 /* PizzaMenu */;
			targetProxy = C39C84022985BCB800E05D02 /* PBXContainerItemProxy */;
		};
/* End PBXTargetDependency section */

/* Begin XCBuildConfiguration section */
		C39C84092985BCB800E05D02 /* Debug */ = {
			isa = XCBuildConfiguration;
			buildSettings = {
				ALWAYS_SEARCH_USER_PATHS = NO;
				CLANG_ANALYZER_NONNULL = YES;
				CLANG_ANALYZER_NUMBER_OBJECT_CONVERSION = YES_AGGRESSIVE;
				CLANG_CXX_LANGUAGE_STANDARD = "gnu++20";
				CLANG_ENABLE_MODULES = YES;
				CLANG_ENABLE_OBJC_ARC = YES;
				CLANG_ENABLE_OBJC_WEAK = YES;
				CLANG_WARN_BLOCK_CAPTURE_AUTORELEASING = YES;
				CLANG_WARN_BOOL_CONVERSION = YES;
				CLANG_WARN_COMMA = YES;
				CLANG_WARN_CONSTANT_CONVERSION = YES;
				CLANG_WARN_DEPRECATED_OBJC_IMPLEMENTATIONS = YES;
				CLANG_WARN_DIRECT_OBJC_ISA_USAGE = YES_ERROR;
				CLANG_WARN_DOCUMENTATION_COMMENTS = YES;
				CLANG_WARN_EMPTY_BODY = YES;
				CLANG_WARN_ENUM_CONVERSION = YES;
				CLANG_WARN_INFINITE_RECURSION = YES;
				CLANG_WARN_INT_CONVERSION = YES;
				CLANG_WARN_NON_LITERAL_NULL_CONVERSION = YES;
				CLANG_WARN_OBJC_IMPLICIT_RETAIN_SELF = YES;
				CLANG_WARN_OBJC_LITERAL_CONVERSION = YES;
				CLANG_WARN_OBJC_ROOT_CLASS = YES_ERROR;
				CLANG_WARN_QUOTED_INCLUDE_IN_FRAMEWORK_HEADER = YES;
				CLANG_WARN_RANGE_LOOP_ANALYSIS = YES;
				CLANG_WARN_STRICT_PROTOTYPES = YES;
				CLANG_WARN_SUSPICIOUS_MOVE = YES;
				CLANG_WARN_UNGUARDED_AVAILABILITY = YES_AGGRESSIVE;
				CLANG_WARN_UNREACHABLE_CODE = YES;
				CLANG_WARN__DUPLICATE_METHOD_MATCH = YES;
				COPY_PHASE_STRIP = NO;
				DEBUG_INFORMATION_FORMAT = dwarf;
				ENABLE_STRICT_OBJC_MSGSEND = YES;
				ENABLE_TESTABILITY = YES;
				GCC_C_LANGUAGE_STANDARD = gnu11;
				GCC_DYNAMIC_NO_PIC = NO;
				GCC_NO_COMMON_BLOCKS = YES;
				GCC_OPTIMIZATION_LEVEL = 0;
				GCC_PREPROCESSOR_DEFINITIONS = (
					"DEBUG=1",
					"$(inherited)",
				);
				GCC_WARN_64_TO_32_BIT_CONVERSION = YES;
				GCC_WARN_ABOUT_RETURN_TYPE = YES_ERROR;
				GCC_WARN_UNDECLARED_SELECTOR = YES;
				GCC_WARN_UNINITIALIZED_AUTOS = YES_AGGRESSIVE;
				GCC_WARN_UNUSED_FUNCTION = YES;
				GCC_WARN_UNUSED_VARIABLE = YES;
				IPHONEOS_DEPLOYMENT_TARGET = 16.2;
				MTL_ENABLE_DEBUG_INFO = INCLUDE_SOURCE;
				MTL_FAST_MATH = YES;
				ONLY_ACTIVE_ARCH = YES;
				SDKROOT = iphoneos;
				SWIFT_ACTIVE_COMPILATION_CONDITIONS = DEBUG;
				SWIFT_OPTIMIZATION_LEVEL = "-Onone";
			};
			name = Debug;
		};
		C39C840A2985BCB800E05D02 /* Release */ = {
			isa = XCBuildConfiguration;
			buildSettings = {
				ALWAYS_SEARCH_USER_PATHS = NO;
				CLANG_ANALYZER_NONNULL = YES;
				CLANG_ANALYZER_NUMBER_OBJECT_CONVERSION = YES_AGGRESSIVE;
				CLANG_CXX_LANGUAGE_STANDARD = "gnu++20";
				CLANG_ENABLE_MODULES = YES;
				CLANG_ENABLE_OBJC_ARC = YES;
				CLANG_ENABLE_OBJC_WEAK = YES;
				CLANG_WARN_BLOCK_CAPTURE_AUTORELEASING = YES;
				CLANG_WARN_BOOL_CONVERSION = YES;
				CLANG_WARN_COMMA = YES;
				CLANG_WARN_CONSTANT_CONVERSION = YES;
				CLANG_WARN_DEPRECATED_OBJC_IMPLEMENTATIONS = YES;
				CLANG_WARN_DIRECT_OBJC_ISA_USAGE = YES_ERROR;
				CLANG_WARN_DOCUMENTATION_COMMENTS = YES;
				CLANG_WARN_EMPTY_BODY = YES;
				CLANG_WARN_ENUM_CONVERSION = YES;
				CLANG_WARN_INFINITE_RECURSION = YES;
				CLANG_WARN_INT_CONVERSION = YES;
				CLANG_WARN_NON_LITERAL_NULL_CONVERSION = YES;
				CLANG_WARN_OBJC_IMPLICIT_RETAIN_SELF = YES;
				CLANG_WARN_OBJC_LITERAL_CONVERSION = YES;
				CLANG_WARN_OBJC_ROOT_CLASS = YES_ERROR;
				CLANG_WARN_QUOTED_INCLUDE_IN_FRAMEWORK_HEADER = YES;
				CLANG_WARN_RANGE_LOOP_ANALYSIS = YES;
				CLANG_WARN_STRICT_PROTOTYPES = YES;
				CLANG_WARN_SUSPICIOUS_MOVE = YES;
				CLANG_WARN_UNGUARDED_AVAILABILITY = YES_AGGRESSIVE;
				CLANG_WARN_UNREACHABLE_CODE = YES;
				CLANG_WARN__DUPLICATE_METHOD_MATCH = YES;
				COPY_PHASE_STRIP = NO;
				DEBUG_INFORMATION_FORMAT = "dwarf-with-dsym";
				ENABLE_NS_ASSERTIONS = NO;
				ENABLE_STRICT_OBJC_MSGSEND = YES;
				GCC_C_LANGUAGE_STANDARD = gnu11;
				GCC_NO_COMMON_BLOCKS = YES;
				GCC_WARN_64_TO_32_BIT_CONVERSION = YES;
				GCC_WARN_ABOUT_RETURN_TYPE = YES_ERROR;
				GCC_WARN_UNDECLARED_SELECTOR = YES;
				GCC_WARN_UNINITIALIZED_AUTOS = YES_AGGRESSIVE;
				GCC_WARN_UNUSED_FUNCTION = YES;
				GCC_WARN_UNUSED_VARIABLE = YES;
				IPHONEOS_DEPLOYMENT_TARGET = 16.2;
				MTL_ENABLE_DEBUG_INFO = NO;
				MTL_FAST_MATH = YES;
				SDKROOT = iphoneos;
				SWIFT_COMPILATION_MODE = wholemodule;
				SWIFT_OPTIMIZATION_LEVEL = "-O";
				VALIDATE_PRODUCT = YES;
			};
			name = Release;
		};
		C39C840C2985BCB800E05D02 /* Debug */ = {
			isa = XCBuildConfiguration;
			buildSettings = {
				ASSETCATALOG_COMPILER_APPICON_NAME = AppIcon;
				ASSETCATALOG_COMPILER_GLOBAL_ACCENT_COLOR_NAME = AccentColor;
				CODE_SIGN_STYLE = Automatic;
				CURRENT_PROJECT_VERSION = 1;
				DEVELOPMENT_ASSET_PATHS = "\"PizzaMenu/Preview Content\"";
				DEVELOPMENT_TEAM = 7HR6796S47;
				ENABLE_PREVIEWS = YES;
				GENERATE_INFOPLIST_FILE = YES;
				INFOPLIST_KEY_UIApplicationSceneManifest_Generation = YES;
				INFOPLIST_KEY_UIApplicationSupportsIndirectInputEvents = YES;
				INFOPLIST_KEY_UILaunchScreen_Generation = YES;
				INFOPLIST_KEY_UISupportedInterfaceOrientations_iPad = "UIInterfaceOrientationPortrait UIInterfaceOrientationPortraitUpsideDown UIInterfaceOrientationLandscapeLeft UIInterfaceOrientationLandscapeRight";
				INFOPLIST_KEY_UISupportedInterfaceOrientations_iPhone = "UIInterfaceOrientationPortrait UIInterfaceOrientationLandscapeLeft UIInterfaceOrientationLandscapeRight";
				LD_RUNPATH_SEARCH_PATHS = (
					"$(inherited)",
					"@executable_path/Frameworks",
				);
				MARKETING_VERSION = 1.0;
				PRODUCT_BUNDLE_IDENTIFIER = com.example.PizzaMenu;
				PRODUCT_NAME = "$(TARGET_NAME)";
				SWIFT_EMIT_LOC_STRINGS = YES;
				SWIFT_VERSION = 5.0;
				TARGETED_DEVICE_FAMILY = "1,2";
			};
			name = Debug;
		};
		C39C840D2985BCB800E05D02 /* Release */ = {
			isa = XCBuildConfiguration;
			buildSettings = {
				ASSETCATALOG_COMPILER_APPICON_NAME = AppIcon;
				ASSETCATALOG_COMPILER_GLOBAL_ACCENT_COLOR_NAME = AccentColor;
				CODE_SIGN_STYLE = Automatic;
				CURRENT_PROJECT_VERSION = 1;
				DEVELOPMENT_ASSET_PATHS = "\"PizzaMenu/Preview Content\"";
				DEVELOPMENT_TEAM = 7HR6796S47;
				ENABLE_PREVIEWS = YES;
				GENERATE_INFOPLIST_FILE = YES;
				INFOPLIST_KEY_UIApplicationSceneManifest_Generation = YES;
				INFOPLIST_KEY_UIApplicationSupportsIndirectInputEvents = YES;
				INFOPLIST_KEY_UILaunchScreen_Generation = YES;
				INFOPLIST_KEY_UISupportedInterfaceOrientations_iPad = "UIInterfaceOrientationPortrait UIInterfaceOrientationPortraitUpsideDown UIInterfaceOrientationLandscapeLeft UIInterfaceOrientationLandscapeRight";
				INFOPLIST_KEY_UISupportedInterfaceOrientations_iPhone = "UIInterfaceOrientationPortrait UIInterfaceOrientationLandscapeLeft UIInterfaceOrientationLandscapeRight";
				LD_RUNPATH_SEARCH_PATHS = (
					"$(inherited)",
					"@executable_path/Frameworks",
				);
				MARKETING_VERSION = 1.0;
				PRODUCT_BUNDLE_IDENTIFIER = com.example.PizzaMenu;
				PRODUCT_NAME = "$(TARGET_NAME)";
				SWIFT_EMIT_LOC_STRINGS = YES;
				SWIFT_VERSION = 5.0;
				TARGETED_DEVICE_FAMILY = "1,2";
			};
			name = Release;
		};
		C39C840F2985BCB800E05D02 /* Debug */ = {
			isa = XCBuildConfiguration;
			buildSettings = {
				ALWAYS_EMBED_SWIFT_STANDARD_LIBRARIES = YES;
				BUNDLE_LOADER = "$(TEST_HOST)";
				CODE_SIGN_STYLE = Automatic;
				CURRENT_PROJECT_VERSION = 1;
				DEVELOPMENT_TEAM = 7HR6796S47;
				GENERATE_INFOPLIST_FILE = YES;
				IPHONEOS_DEPLOYMENT_TARGET = 16.2;
				MARKETING_VERSION = 1.0;
				PRODUCT_BUNDLE_IDENTIFIER = com.example.PizzaMenuTests;
				PRODUCT_NAME = "$(TARGET_NAME)";
				SWIFT_EMIT_LOC_STRINGS = NO;
				SWIFT_VERSION = 5.0;
				TARGETED_DEVICE_FAMILY = "1,2";
				TEST_HOST = "$(BUILT_PRODUCTS_DIR)/PizzaMenu.app/$(BUNDLE_EXECUTABLE_FOLDER_PATH)/PizzaMenu";
			};
			name = Debug;
		};
		C39C84102985BCB800E05D02 /* Release */ = {
			isa = XCBuildConfiguration;
			buildSettings = {
				ALWAYS_EMBED_SWIFT_STANDARD_LIBRARIES = YES;
				BUNDLE_LOADER = "$(TEST_HOST)";
				CODE_SIGN_STYLE = Automatic;
				CURRENT_PROJECT_VERSION = 1;
				DEVELOPMENT_TEAM = 7HR6796S47;
				GENERATE_INFOPLIST_FILE = YES;
				IPHONEOS_DEPLOYMENT_TARGET = 16.2;
				MARKETING_VERSION = 1.0;
				PRODUCT_BUNDLE_IDENTIFIER = com.example.PizzaMenuTests;
				PRODUCT_NAME = "$(TARGET_NAME)";
				SWIFT_EMIT_LOC_STRINGS = NO;
				SWIFT_VERSION = 5.0;
				TARGETED_DEVICE_FAMILY = "1,2";
				TEST_HOST = "$(BUILT_PRODUCTS_DIR)/PizzaMenu.app/$(BUNDLE_EXECUTABLE_FOLDER_PATH)/PizzaMenu";
			};
			name = Release;
		};
		C39C84122985BCB800E05D02 /* Debug */ = {
			isa = XCBuildConfiguration;
			buildSettings = {
				ALWAYS_EMBED_SWIFT_STANDARD_LIBRARIES = YES;
				CODE_SIGN_STYLE = Automatic;
				CURRENT_PROJECT_VERSION = 1;
				DEVELOPMENT_TEAM = 7HR6796S47;
				GENERATE_INFOPLIST_FILE = YES;
				MARKETING_VERSION = 1.0;
				PRODUCT_BUNDLE_IDENTIFIER = com.example.PizzaMenuUITests;
				PRODUCT_NAME = "$(TARGET_NAME)";
				SWIFT_EMIT_LOC_STRINGS = NO;
				SWIFT_VERSION = 5.0;
				TARGETED_DEVICE_FAMILY = "1,2";
				TEST_TARGET_NAME = PizzaMenu;
			};
			name = Debug;
		};
		C39C84132985BCB800E05D02 /* Release */ = {
			isa = XCBuildConfiguration;
			buildSettings = {
				ALWAYS_EMBED_SWIFT_STANDARD_LIBRARIES = YES;
				CODE_SIGN_STYLE = Automatic;
				CURRENT_PROJECT_VERSION = 1;
				DEVELOPMENT_TEAM = 7HR6796S47;
				GENERATE_INFOPLIST_FILE = YES;
				MARKETING_VERSION = 1.0;
				PRODUCT_BUNDLE_IDENTIFIER = com.example.PizzaMenuUITests;
				PRODUCT_NAME = "$(TARGET_NAME)";
				SWIFT_EMIT_LOC_STRINGS = NO;
				SWIFT_VERSION = 5.0;
				TARGETED_DEVICE_FAMILY = "1,2";
				TEST_TARGET_NAME = PizzaMenu;
			};
			name = Release;
		};
/* End XCBuildConfiguration section */

/* Begin XCConfigurationList section */
		C39C83E22985BCAC00E05D02 /* Build configuration list for PBXProject "PizzaMenu" */ = {
			isa = XCConfigurationList;
			buildConfigurations = (
				C39C84092985BCB800E05D02 /* Debug */,
				C39C840A2985BCB800E05D02 /* Release */,
			);
			defaultConfigurationIsVisible = 0;
			defaultConfigurationName = Release;
		};
		C39C840B2985BCB800E05D02 /* Build configuration list for PBXNativeTarget "PizzaMenu" */ = {
			isa = XCConfigurationList;
			buildConfigurations = (
				C39C840C2985BCB800E05D02 /* Debug */,
				C39C840D2985BCB800E05D02 /* Release */,
			);
			defaultConfigurationIsVisible = 0;
			defaultConfigurationName = Release;
		};
		C39C840E2985BCB800E05D02 /* Build configuration list for PBXNativeTarget "PizzaMenuTests" */ = {
			isa = XCConfigurationList;
			buildConfigurations = (
				C39C840F2985BCB800E05D02 /* Debug */,
				C39C84102985BCB800E05D02 /* Release */,
			);
			defaultConfigurationIsVisible = 0;
			defaultConfigurationName = Release;
		};
		C39C84112985BCB800E05D02 /* Build configuration list for PBXNativeTarget "PizzaMenuUITests" */ = {
			isa = XCConfigurationList;
			buildConfigurations = (
				C39C84122985BCB800E05D02 /* Debug */,
				C39C84132985BCB800E05D02 /* Release */,
			);
			defaultConfigurationIsVisible = 0;
			defaultConfigurationName = Release;
		};
/* End XCConfigurationList section */
	};
	rootObject = C39C83DF2985BCAC00E05D02 /* Project object */;
}
